<?xml version="1.0" encoding="utf-8"?>
<Project ToolsVersion="4.0" xmlns="http://schemas.microsoft.com/developer/msbuild/2003">
  <ItemGroup>
    <Filter Include="Source Files">
      <UniqueIdentifier>{4FC737F1-C7A5-4376-A066-2A32D752A2FF}</UniqueIdentifier>
      <Extensions>cpp;c;cc;cxx;c++;cppm;ixx;def;odl;idl;hpj;bat;asm;asmx</Extensions>
    </Filter>
    <Filter Include="Utilities">
      <UniqueIdentifier>{937a2076-a6c8-4e29-8654-d6c0a059a11e}</UniqueIdentifier>
    </Filter>
    <Filter Include="Window">
      <UniqueIdentifier>{35244f6f-7c9f-4f8e-9f75-847203d0f804}</UniqueIdentifier>
    </Filter>
    <Filter Include="Boids">
      <UniqueIdentifier>{80483923-4612-4a98-88af-2fc01b91cd50}</UniqueIdentifier>
    </Filter>
  </ItemGroup>
  <ItemGroup>
    <ClCompile Include="src/Window.cpp">
      <Filter>Window</Filter>
    </ClCompile>
    <ClCompile Include="src/ThreadPool.cpp">
      <Filter>Utilities</Filter>
    </ClCompile>
    <ClCompile Include="src/InputHandler.cpp">
      <Filter>Window</Filter>
    </ClCompile>
    <ClCompile Include="src/Impulse.cpp">
      <Filter>Boids</Filter>
    </ClCompile>
    <ClCompile Include="src/State.cpp">
      <Filter>Window</Filter>
    </ClCompile>
    <ClCompile Include="src/Debug.cpp">
      <Filter>Boids</Filter>
    </ClCompile>
    <ClCompile Include="src/Config.cpp">
      <Filter>Boids</Filter>
    </ClCompile>
    <ClCompile Include="src/AudioMeter.cpp">
      <Filter>Boids</Filter>
    </ClCompile>
    <ClCompile Include="src/Application.cpp">
      <Filter>Window</Filter>
    </ClCompile>
    <ClCompile Include="src/Background.cpp">
      <Filter>Boids</Filter>
    </ClCompile>
    <ClCompile Include="src/BoidContainer.cpp">
      <Filter>Boids</Filter>
    </ClCompile>
    <ClCompile Include="src/Camera.cpp">
      <Filter>Window</Filter>
    </ClCompile>
    <ClCompile Include="src/Fluid.cpp">
      <Filter>Boids</Filter>
    </ClCompile>
    <ClCompile Include="src/MainState.cpp">
      <Filter>Boids</Filter>
    </ClCompile>
    <ClCompile Include="src/main.cpp">
      <Filter>Source Files</Filter>
    </ClCompile>
    <ClCompile Include="src/Grid.cpp">
      <Filter>Boids</Filter>
    </ClCompile>
    <ClCompile Include="src/FPSCounter.cpp">
      <Filter>Utilities</Filter>
    </ClCompile>
  </ItemGroup>
  <ItemGroup>
    <ClInclude Include="src/Window.h">
      <Filter>Window</Filter>
    </ClInclude>
    <ClInclude Include="src/SFMLLoaders.hpp">
      <Filter>Window</Filter>
    </ClInclude>
    <ClInclude Include="src/VectorUtilities.hpp">
      <Filter>Utilities</Filter>
    </ClInclude>
    <ClInclude Include="src/ResourceLoader.hpp">
      <Filter>Window</Filter>
    </ClInclude>
    <ClInclude Include="src/InputHandler.h">
      <Filter>Window</Filter>
    </ClInclude>
    <ClInclude Include="src/Impulse.h">
      <Filter>Boids</Filter>
    </ClInclude>
    <ClInclude Include="src/PolicySelect.h">
      <Filter>Utilities</Filter>
    </ClInclude>
    <ClInclude Include="src/Rectangle.hpp">
      <Filter>Utilities</Filter>
    </ClInclude>
    <ClInclude Include="src/ResourceHolder.hpp">
      <Filter>Utilities</Filter>
    </ClInclude>
    <ClInclude Include="src/WindowsUtilities.h">
      <Filter>Utilities</Filter>
    </ClInclude>
    <ClInclude Include="src/State.h">
      <Filter>Window</Filter>
    </ClInclude>
    <ClInclude Include="src/Debug.h">
      <Filter>Boids</Filter>
    </ClInclude>
    <ClInclude Include="src/Fluid.h">
      <Filter>Boids</Filter>
    </ClInclude>
    <ClInclude Include="src/AudioMeter.h">
      <Filter>Boids</Filter>
    </ClInclude>
    <ClInclude Include="src/Background.h">
      <Filter>Boids</Filter>
    </ClInclude>
    <ClInclude Include="src/Application.h">
      <Filter>Window</Filter>
    </ClInclude>
    <ClInclude Include="src/BoidContainer.h">
      <Filter>Boids</Filter>
    </ClInclude>
    <ClInclude Include="src/Camera.h">
      <Filter>Window</Filter>
    </ClInclude>
    <ClInclude Include="src/Config.h">
      <Filter>Boids</Filter>
    </ClInclude>
    <ClInclude Include="src/CommonUtilities.hpp">
      <Filter>Utilities</Filter>
    </ClInclude>
    <ClInclude Include="src/Grid.h">
      <Filter>Boids</Filter>
    </ClInclude>
    <ClInclude Include="src/MainState.h">
      <Filter>Boids</Filter>
    </ClInclude>
    <ClInclude Include="src/FPSCounter.h">
      <Filter>Utilities</Filter>
    </ClInclude>
    <ClInclude Include="src/IAudioMeterInfo.h">
      <Filter>Boids</Filter>
    </ClInclude>
    <ClInclude Include="src/ThreadPool.h">
      <Filter>Utilities</Filter>
    </ClInclude>
  </ItemGroup>
</Project>