<?xml version="1.0" encoding="utf-8"?>
<Project ToolsVersion="4.0" xmlns="http://schemas.microsoft.com/developer/msbuild/2003">
  <ItemGroup>
    <Filter Include="Source Files">
      <UniqueIdentifier>{4FC737F1-C7A5-4376-A066-2A32D752A2FF}</UniqueIdentifier>
      <Extensions>cpp;c;cc;cxx;c++;cppm;ixx;def;odl;idl;hpj;bat;asm;asmx</Extensions>
    </Filter>
    <Filter Include="Utilities">
      <UniqueIdentifier>{937a2076-a6c8-4e29-8654-d6c0a059a11e}</UniqueIdentifier>
    </Filter>
    <Filter Include="Window">
      <UniqueIdentifier>{35244f6f-7c9f-4f8e-9f75-847203d0f804}</UniqueIdentifier>
    </Filter>
    <Filter Include="Boids">
      <UniqueIdentifier>{80483923-4612-4a98-88af-2fc01b91cd50}</UniqueIdentifier>
    </Filter>
  </ItemGroup>
  <ItemGroup>
    <ClCompile Include="Window.cpp">
      <Filter>Window</Filter>
    </ClCompile>
    <ClCompile Include="ThreadPool.cpp">
      <Filter>Utilities</Filter>
    </ClCompile>
    <ClCompile Include="InputHandler.cpp">
      <Filter>Window</Filter>
    </ClCompile>
    <ClCompile Include="Impulse.cpp">
      <Filter>Boids</Filter>
    </ClCompile>
    <ClCompile Include="State.cpp">
      <Filter>Window</Filter>
    </ClCompile>
    <ClCompile Include="Debug.cpp">
      <Filter>Boids</Filter>
    </ClCompile>
    <ClCompile Include="Config.cpp">
      <Filter>Boids</Filter>
    </ClCompile>
    <ClCompile Include="AudioMeter.cpp">
      <Filter>Boids</Filter>
    </ClCompile>
    <ClCompile Include="Application.cpp">
      <Filter>Window</Filter>
    </ClCompile>
    <ClCompile Include="Background.cpp">
      <Filter>Boids</Filter>
    </ClCompile>
    <ClCompile Include="BoidContainer.cpp">
      <Filter>Boids</Filter>
    </ClCompile>
    <ClCompile Include="Camera.cpp">
      <Filter>Window</Filter>
    </ClCompile>
    <ClCompile Include="Fluid.cpp">
      <Filter>Boids</Filter>
    </ClCompile>
    <ClCompile Include="MainState.cpp">
      <Filter>Boids</Filter>
    </ClCompile>
    <ClCompile Include="main.cpp">
      <Filter>Source Files</Filter>
    </ClCompile>
    <ClCompile Include="Grid.cpp">
      <Filter>Boids</Filter>
    </ClCompile>
    <ClCompile Include="FPSCounter.cpp">
      <Filter>Utilities</Filter>
    </ClCompile>
  </ItemGroup>
  <ItemGroup>
    <ClInclude Include="Window.h">
      <Filter>Window</Filter>
    </ClInclude>
    <ClInclude Include="SFMLLoaders.hpp">
      <Filter>Window</Filter>
    </ClInclude>
    <ClInclude Include="VectorUtilities.hpp">
      <Filter>Utilities</Filter>
    </ClInclude>
    <ClInclude Include="ResourceLoader.hpp">
      <Filter>Window</Filter>
    </ClInclude>
    <ClInclude Include="InputHandler.h">
      <Filter>Window</Filter>
    </ClInclude>
    <ClInclude Include="Impulse.h">
      <Filter>Boids</Filter>
    </ClInclude>
    <ClInclude Include="PolicySelect.h">
      <Filter>Utilities</Filter>
    </ClInclude>
    <ClInclude Include="Rectangle.hpp">
      <Filter>Utilities</Filter>
    </ClInclude>
    <ClInclude Include="ResourceHolder.hpp">
      <Filter>Utilities</Filter>
    </ClInclude>
    <ClInclude Include="WindowsUtilities.h">
      <Filter>Utilities</Filter>
    </ClInclude>
    <ClInclude Include="State.h">
      <Filter>Window</Filter>
    </ClInclude>
    <ClInclude Include="Debug.h">
      <Filter>Boids</Filter>
    </ClInclude>
    <ClInclude Include="Fluid.h">
      <Filter>Boids</Filter>
    </ClInclude>
    <ClInclude Include="AudioMeter.h">
      <Filter>Boids</Filter>
    </ClInclude>
    <ClInclude Include="Background.h">
      <Filter>Boids</Filter>
    </ClInclude>
    <ClInclude Include="Application.h">
      <Filter>Window</Filter>
    </ClInclude>
    <ClInclude Include="BoidContainer.h">
      <Filter>Boids</Filter>
    </ClInclude>
    <ClInclude Include="Camera.h">
      <Filter>Window</Filter>
    </ClInclude>
    <ClInclude Include="Config.h">
      <Filter>Boids</Filter>
    </ClInclude>
    <ClInclude Include="CommonUtilities.hpp">
      <Filter>Utilities</Filter>
    </ClInclude>
    <ClInclude Include="Grid.h">
      <Filter>Boids</Filter>
    </ClInclude>
    <ClInclude Include="MainState.h">
      <Filter>Boids</Filter>
    </ClInclude>
    <ClInclude Include="FPSCounter.h">
      <Filter>Utilities</Filter>
    </ClInclude>
    <ClInclude Include="IAudioMeterInfo.h">
      <Filter>Boids</Filter>
    </ClInclude>
    <ClInclude Include="ThreadPool.h">
      <Filter>Utilities</Filter>
    </ClInclude>
  </ItemGroup>
</Project>