<?xml version="1.0" encoding="utf-8"?>
<Project ToolsVersion="4.0" xmlns="http://schemas.microsoft.com/developer/msbuild/2003">
  <ItemGroup>
    <Filter Include="Source Files">
      <UniqueIdentifier>{4FC737F1-C7A5-4376-A066-2A32D752A2FF}</UniqueIdentifier>
      <Extensions>cpp;c;cc;cxx;c++;cppm;ixx;def;odl;idl;hpj;bat;asm;asmx</Extensions>
    </Filter>
    <Filter Include="Header Files">
      <UniqueIdentifier>{93995380-89BD-4b04-88EB-625FBE52EBFB}</UniqueIdentifier>
      <Extensions>h;hh;hpp;hxx;h++;hm;inl;inc;ipp;xsd</Extensions>
    </Filter>
    <Filter Include="Resource Files">
      <UniqueIdentifier>{67DA6AB6-F800-4c08-8B7A-83BB121AAD01}</UniqueIdentifier>
      <Extensions>rc;ico;cur;bmp;dlg;rc2;rct;bin;rgs;gif;jpg;jpeg;jpe;resx;tiff;tif;png;wav;mfcribbon-ms</Extensions>
    </Filter>
    <Filter Include="Header Files\Utils">
      <UniqueIdentifier>{9e2aee3f-efcb-4518-a81a-ba3394512997}</UniqueIdentifier>
    </Filter>
  </ItemGroup>
  <ItemGroup>
    <ClCompile Include="main.cpp">
      <Filter>Source Files</Filter>
    </ClCompile>
    <ClCompile Include="window\Application.cpp">
      <Filter>Source Files</Filter>
    </ClCompile>
    <ClCompile Include="window\Camera.cpp">
      <Filter>Source Files</Filter>
    </ClCompile>
    <ClCompile Include="window\InputHandler.cpp">
      <Filter>Source Files</Filter>
    </ClCompile>
    <ClCompile Include="window\State.cpp">
      <Filter>Source Files</Filter>
    </ClCompile>
    <ClCompile Include="window\Window.cpp">
      <Filter>Source Files</Filter>
    </ClCompile>
    <ClCompile Include="boids\AudioMeter.cpp">
      <Filter>Source Files</Filter>
    </ClCompile>
    <ClCompile Include="boids\BoidContainer.cpp">
      <Filter>Source Files</Filter>
    </ClCompile>
    <ClCompile Include="boids\Config.cpp">
      <Filter>Source Files</Filter>
    </ClCompile>
    <ClCompile Include="boids\Debug.cpp">
      <Filter>Source Files</Filter>
    </ClCompile>
    <ClCompile Include="boids\MainState.cpp">
      <Filter>Source Files</Filter>
    </ClCompile>
    <ClCompile Include="boids\Grid.cpp">
      <Filter>Source Files</Filter>
    </ClCompile>
    <ClCompile Include="boids\Fluid.cpp">
      <Filter>Source Files</Filter>
    </ClCompile>
    <ClCompile Include="boids\Background.cpp">
      <Filter>Source Files</Filter>
    </ClCompile>
    <ClCompile Include="boids\Impulse.cpp">
      <Filter>Source Files</Filter>
    </ClCompile>
    <ClCompile Include="utilities\FPSCounter.cpp">
      <Filter>Source Files</Filter>
    </ClCompile>
  </ItemGroup>
  <ItemGroup>
    <ClInclude Include="window\Application.h">
      <Filter>Header Files</Filter>
    </ClInclude>
    <ClInclude Include="window\Camera.h">
      <Filter>Header Files</Filter>
    </ClInclude>
    <ClInclude Include="window\InputHandler.h">
      <Filter>Header Files</Filter>
    </ClInclude>
    <ClInclude Include="boids\MainState.h">
      <Filter>Header Files</Filter>
    </ClInclude>
    <ClInclude Include="window\State.h">
      <Filter>Header Files</Filter>
    </ClInclude>
    <ClInclude Include="window\Window.h">
      <Filter>Header Files</Filter>
    </ClInclude>
    <ClInclude Include="boids\AudioMeter.h">
      <Filter>Header Files</Filter>
    </ClInclude>
    <ClInclude Include="boids\Background.h">
      <Filter>Header Files</Filter>
    </ClInclude>
    <ClInclude Include="boids\BoidContainer.h">
      <Filter>Header Files</Filter>
    </ClInclude>
    <ClInclude Include="boids\Config.h">
      <Filter>Header Files</Filter>
    </ClInclude>
    <ClInclude Include="boids\Debug.h">
      <Filter>Header Files</Filter>
    </ClInclude>
    <ClInclude Include="boids\Grid.h">
      <Filter>Header Files</Filter>
    </ClInclude>
    <ClInclude Include="boids\Impulse.h">
      <Filter>Header Files</Filter>
    </ClInclude>
    <ClInclude Include="boids\Fluid.h">
      <Filter>Header Files</Filter>
    </ClInclude>
    <ClInclude Include="utilities\VectorUtilities.h">
      <Filter>Header Files\Utils</Filter>
    </ClInclude>
    <ClInclude Include="utilities\Rectangle.hpp">
      <Filter>Header Files\Utils</Filter>
    </ClInclude>
    <ClInclude Include="utilities\HideTaskbarIcon.h">
      <Filter>Header Files\Utils</Filter>
    </ClInclude>
    <ClInclude Include="utilities\PolicySelect.h">
      <Filter>Header Files\Utils</Filter>
    </ClInclude>
    <ClInclude Include="window\ResourceHolder.hpp">
      <Filter>Header Files\Utils</Filter>
    </ClInclude>
    <ClInclude Include="utilities\Utilities.h">
      <Filter>Header Files\Utils</Filter>
    </ClInclude>
    <ClInclude Include="utilities\FPSCounter.h">
      <Filter>Header Files</Filter>
    </ClInclude>
    <ClInclude Include="window\ResourceLoader.hpp">
      <Filter>Header Files</Filter>
    </ClInclude>
    <ClInclude Include="window\SFMLLoaders.hpp">
      <Filter>Header Files</Filter>
    </ClInclude>
    <ClInclude Include="utilities\WallpaperPath.h">
      <Filter>Header Files</Filter>
    </ClInclude>
    <ClInclude Include="boids\IAudioMeterInfo.h">
      <Filter>Header Files</Filter>
    </ClInclude>
  </ItemGroup>
</Project>